
Microsoft Visual Studio Solution File, Format Version 11.00
# Visual Studio 2010
Project("{8BC9CEB8-8B4A-11D0-8D11-00A0C91BC942}") = "DLLApplication", "DLLApplication.vcxproj", "{ACA298DB-9067-40F4-AFE5-7318A8E77EE9}"
EndProject
Project("{8BC9CEB8-8B4A-11D0-8D11-00A0C91BC942}") = "RestApi", "RestApi\RestApi.vcxproj", "{948B696F-C407-489D-8A5B-CD8931CB49BF}"
EndProject
Global
	GlobalSection(SolutionConfigurationPlatforms) = preSolution
		Debug|Win32 = Debug|Win32
		Release|Win32 = Release|Win32
	EndGlobalSection
	GlobalSection(ProjectConfigurationPlatforms) = postSolution
		{ACA298DB-9067-40F4-AFE5-7318A8E77EE9}.Debug|Win32.ActiveCfg = Debug|Win32
		{ACA298DB-9067-40F4-AFE5-7318A8E77EE9}.Debug|Win32.Build.0 = Debug|Win32
		{ACA298DB-9067-40F4-AFE5-7318A8E77EE9}.Release|Win32.ActiveCfg = Release|Win32
		{ACA298DB-9067-40F4-AFE5-7318A8E77EE9}.Release|Win32.Build.0 = Release|Win32
		{948B696F-C407-489D-8A5B-CD8931CB49BF}.Debug|Win32.ActiveCfg = Debug|Win32
		{948B696F-C407-489D-8A5B-CD8931CB49BF}.Debug|Win32.Build.0 = Debug|Win32
		{948B696F-C407-489D-8A5B-CD8931CB49BF}.Release|Win32.ActiveCfg = Release|Win32
		{948B696F-C407-489D-8A5B-CD8931CB49BF}.Release|Win32.Build.0 = Release|Win32
	EndGlobalSection
	GlobalSection(SolutionProperties) = preSolution
		HideSolutionNode = FALSE
	EndGlobalSection
EndGlobal
